
Microsoft Visual Studio Solution File, Format Version 12.00
# Visual Studio Version 17
VisualStudioVersion = 17.5.33516.290
MinimumVisualStudioVersion = 10.0.40219.1
Project("{FAE04EC0-301F-11D3-BF4B-00C04F79EFBC}") = "MiddlewareDemo", "MiddlewareDemo.csproj", "{3300604C-7C5C-4AE3-9B79-C5949FBDE2BA}"
EndProject
Global
	GlobalSection(SolutionConfigurationPlatforms) = preSolution
		Debug|Any CPU = Debug|Any CPU
		Release|Any CPU = Release|Any CPU
	EndGlobalSection
	GlobalSection(ProjectConfigurationPlatforms) = postSolution
		{3300604C-7C5C-4AE3-9B79-C5949FBDE2BA}.Debug|Any CPU.ActiveCfg = Debug|Any CPU
		{3300604C-7C5C-4AE3-9B79-C5949FBDE2BA}.Debug|Any CPU.Build.0 = Debug|Any CPU
		{3300604C-7C5C-4AE3-9B79-C5949FBDE2BA}.Release|Any CPU.ActiveCfg = Release|Any CPU
		{3300604C-7C5C-4AE3-9B79-C5949FBDE2BA}.Release|Any CPU.Build.0 = Release|Any CPU
	EndGlobalSection
	GlobalSection(SolutionProperties) = preSolution
		HideSolutionNode = FALSE
	EndGlobalSection
	GlobalSection(ExtensibilityGlobals) = postSolution
		SolutionGuid = {DA7B526F-105E-4472-BD72-540B6A313A45}
	EndGlobalSection
EndGlobal
